
Microsoft Visual Studio Solution File, Format Version 12.00
# Visual Studio Version 17
VisualStudioVersion = 17.0.32002.185
MinimumVisualStudioVersion = 10.0.40219.1
Project("{888888A0-9F3D-457C-B088-3A5042F75D52}") = "times-excel-reader", "times-excel-reader.pyproj", "{D0560950-2B3C-4961-B164-845AAABCA15C}"
EndProject
Global
	GlobalSection(SolutionConfigurationPlatforms) = preSolution
		Debug|Any CPU = Debug|Any CPU
		Release|Any CPU = Release|Any CPU
	EndGlobalSection
	GlobalSection(ProjectConfigurationPlatforms) = postSolution
		{D0560950-2B3C-4961-B164-845AAABCA15C}.Debug|Any CPU.ActiveCfg = Debug|Any CPU
		{D0560950-2B3C-4961-B164-845AAABCA15C}.Release|Any CPU.ActiveCfg = Release|Any CPU
	EndGlobalSection
	GlobalSection(SolutionProperties) = preSolution
		HideSolutionNode = FALSE
	EndGlobalSection
	GlobalSection(ExtensibilityGlobals) = postSolution
		SolutionGuid = {BE4D448A-AE02-4311-80AF-5A89D03A35FD}
	EndGlobalSection
EndGlobal
